<?xml version="1.0" encoding="utf-8"?>
<Project ToolsVersion="4.0" xmlns="http://schemas.microsoft.com/developer/msbuild/2003">
  <ItemGroup>
    <Filter Include="Source Files">
      <UniqueIdentifier>{4FC737F1-C7A5-4376-A066-2A32D752A2FF}</UniqueIdentifier>
      <Extensions>cpp;c;cc;cxx;def;odl;idl;hpj;bat;asm;asmx</Extensions>
    </Filter>
    <Filter Include="Header Files">
      <UniqueIdentifier>{93995380-89BD-4b04-88EB-625FBE52EBFB}</UniqueIdentifier>
      <Extensions>h;hh;hpp;hxx;hm;inl;inc;ipp;xsd</Extensions>
    </Filter>
    <Filter Include="Resource Files">
      <UniqueIdentifier>{67DA6AB6-F800-4c08-8B7A-83BB121AAD01}</UniqueIdentifier>
      <Extensions>rc;ico;cur;bmp;dlg;rc2;rct;bin;rgs;gif;jpg;jpeg;jpe;resx;tiff;tif;png;wav;mfcribbon-ms</Extensions>
    </Filter>
    <Filter Include="Source Files\matrix">
      <UniqueIdentifier>{e4905a3f-adf2-4858-a9aa-270d5454e068}</UniqueIdentifier>
    </Filter>
    <Filter Include="Source Files\OpenGL">
      <UniqueIdentifier>{12d98e6c-a7f4-4315-b665-bc84155c6a34}</UniqueIdentifier>
    </Filter>
    <Filter Include="Source Files\algorithm">
      <UniqueIdentifier>{03facb63-8aaf-4391-94a2-540a15436151}</UniqueIdentifier>
    </Filter>
  </ItemGroup>
  <ItemGroup>
    <ClInclude Include="my_drone.h">
      <Filter>Header Files</Filter>
    </ClInclude>
    <ClInclude Include="my_droneDlg.h">
      <Filter>Header Files</Filter>
    </ClInclude>
    <ClInclude Include="stdafx.h">
      <Filter>Header Files</Filter>
    </ClInclude>
    <ClInclude Include="targetver.h">
      <Filter>Header Files</Filter>
    </ClInclude>
    <ClInclude Include="Resource.h">
      <Filter>Header Files</Filter>
    </ClInclude>
    <ClInclude Include="usb_bulk_device.h">
      <Filter>Header Files</Filter>
    </ClInclude>
    <ClInclude Include="OScopeCtrl.h">
      <Filter>Header Files</Filter>
    </ClInclude>
    <ClInclude Include="matrix\matrix2.hxx">
      <Filter>Source Files\matrix</Filter>
    </ClInclude>
    <ClInclude Include="OglWinExt.h">
      <Filter>Header Files</Filter>
    </ClInclude>
    <ClInclude Include="MatrixAlgebra.h">
      <Filter>Header Files</Filter>
    </ClInclude>
    <ClInclude Include="mm.h">
      <Filter>Header Files</Filter>
    </ClInclude>
    <ClInclude Include="OglWnd.h">
      <Filter>Header Files</Filter>
    </ClInclude>
    <ClInclude Include="OglCommon.h">
      <Filter>Source Files\OpenGL</Filter>
    </ClInclude>
    <ClInclude Include="OglObjects.h">
      <Filter>Source Files\OpenGL</Filter>
    </ClInclude>
    <ClInclude Include="ARS.h">
      <Filter>Source Files\algorithm</Filter>
    </ClInclude>
  </ItemGroup>
  <ItemGroup>
    <ClCompile Include="my_drone.cpp">
      <Filter>Source Files</Filter>
    </ClCompile>
    <ClCompile Include="my_droneDlg.cpp">
      <Filter>Source Files</Filter>
    </ClCompile>
    <ClCompile Include="stdafx.cpp">
      <Filter>Source Files</Filter>
    </ClCompile>
    <ClCompile Include="usb_bulk_device.cpp">
      <Filter>Source Files</Filter>
    </ClCompile>
    <ClCompile Include="OScopeCtrl.cpp">
      <Filter>Source Files</Filter>
    </ClCompile>
    <ClCompile Include="matrix\matrix.cc">
      <Filter>Source Files\matrix</Filter>
    </ClCompile>
    <ClCompile Include="OglObjects.cpp">
      <Filter>Source Files\OpenGL</Filter>
    </ClCompile>
    <ClCompile Include="OglWinExt.cpp">
      <Filter>Source Files\OpenGL</Filter>
    </ClCompile>
    <ClCompile Include="OglWnd.cpp">
      <Filter>Source Files\OpenGL</Filter>
    </ClCompile>
    <ClCompile Include="ARSbyEKF.cpp">
      <Filter>Source Files\algorithm</Filter>
    </ClCompile>
  </ItemGroup>
  <ItemGroup>
    <ResourceCompile Include="mydrone.rc">
      <Filter>Resource Files</Filter>
    </ResourceCompile>
  </ItemGroup>
  <ItemGroup>
    <None Include="res\mydrone.rc2">
      <Filter>Resource Files</Filter>
    </None>
    <None Include="matrix\cmatrix">
      <Filter>Source Files\matrix</Filter>
    </None>
  </ItemGroup>
  <ItemGroup>
    <Image Include="res\my_drone.ico">
      <Filter>Resource Files</Filter>
    </Image>
  </ItemGroup>
</Project>